
Microsoft Visual Studio Solution File, Format Version 12.00
# Visual Studio Version 16
VisualStudioVersion = 16.0.31515.178
MinimumVisualStudioVersion = 10.0.40219.1
Project("{FAE04EC0-301F-11D3-BF4B-00C04F79EFBC}") = "SEDC.PizzaApp", "SEDC.PizzaApp.csproj", "{664AC318-8009-459B-9BAB-49A9869FAE53}"
EndProject
Global
	GlobalSection(SolutionConfigurationPlatforms) = preSolution
		Debug|Any CPU = Debug|Any CPU
		Release|Any CPU = Release|Any CPU
	EndGlobalSection
	GlobalSection(ProjectConfigurationPlatforms) = postSolution
		{664AC318-8009-459B-9BAB-49A9869FAE53}.Debug|Any CPU.ActiveCfg = Debug|Any CPU
		{664AC318-8009-459B-9BAB-49A9869FAE53}.Debug|Any CPU.Build.0 = Debug|Any CPU
		{664AC318-8009-459B-9BAB-49A9869FAE53}.Release|Any CPU.ActiveCfg = Release|Any CPU
		{664AC318-8009-459B-9BAB-49A9869FAE53}.Release|Any CPU.Build.0 = Release|Any CPU
	EndGlobalSection
	GlobalSection(SolutionProperties) = preSolution
		HideSolutionNode = FALSE
	EndGlobalSection
	GlobalSection(ExtensibilityGlobals) = postSolution
		SolutionGuid = {B71B3074-91D7-476F-A213-8408F5450214}
	EndGlobalSection
EndGlobal
